
Microsoft Visual Studio Solution File, Format Version 12.00
# Visual Studio Version 17
VisualStudioVersion = 17.0.31903.59
MinimumVisualStudioVersion = 10.0.40219.1
Project("{2150E333-8FDC-42A3-9474-1A3956D46DE8}") = "src", "src", "{827E0CD3-B72D-47B6-A68D-7590B98EB39B}"
EndProject
Project("{FAE04EC0-301F-11D3-BF4B-00C04F79EFBC}") = "Hitch", "src\Hitch\Hitch.csproj", "{8B8FC60A-E9BD-427A-9386-F50701093AF7}"
EndProject
Project("{FAE04EC0-301F-11D3-BF4B-00C04F79EFBC}") = "Hitch.Tests", "src\Hitch.Tests\Hitch.Tests.csproj", "{213DD9BE-D8FF-4938-A5E9-2AE964863419}"
EndProject
Global
	GlobalSection(SolutionConfigurationPlatforms) = preSolution
		Debug|Any CPU = Debug|Any CPU
		Debug|x64 = Debug|x64
		Debug|x86 = Debug|x86
		Release|Any CPU = Release|Any CPU
		Release|x64 = Release|x64
		Release|x86 = Release|x86
	EndGlobalSection
	GlobalSection(ProjectConfigurationPlatforms) = postSolution
		{8B8FC60A-E9BD-427A-9386-F50701093AF7}.Debug|Any CPU.ActiveCfg = Debug|Any CPU
		{8B8FC60A-E9BD-427A-9386-F50701093AF7}.Debug|Any CPU.Build.0 = Debug|Any CPU
		{8B8FC60A-E9BD-427A-9386-F50701093AF7}.Debug|x64.ActiveCfg = Debug|Any CPU
		{8B8FC60A-E9BD-427A-9386-F50701093AF7}.Debug|x64.Build.0 = Debug|Any CPU
		{8B8FC60A-E9BD-427A-9386-F50701093AF7}.Debug|x86.ActiveCfg = Debug|Any CPU
		{8B8FC60A-E9BD-427A-9386-F50701093AF7}.Debug|x86.Build.0 = Debug|Any CPU
		{8B8FC60A-E9BD-427A-9386-F50701093AF7}.Release|Any CPU.ActiveCfg = Release|Any CPU
		{8B8FC60A-E9BD-427A-9386-F50701093AF7}.Release|Any CPU.Build.0 = Release|Any CPU
		{8B8FC60A-E9BD-427A-9386-F50701093AF7}.Release|x64.ActiveCfg = Release|Any CPU
		{8B8FC60A-E9BD-427A-9386-F50701093AF7}.Release|x64.Build.0 = Release|Any CPU
		{8B8FC60A-E9BD-427A-9386-F50701093AF7}.Release|x86.ActiveCfg = Release|Any CPU
		{8B8FC60A-E9BD-427A-9386-F50701093AF7}.Release|x86.Build.0 = Release|Any CPU
		{213DD9BE-D8FF-4938-A5E9-2AE964863419}.Debug|Any CPU.ActiveCfg = Debug|Any CPU
		{213DD9BE-D8FF-4938-A5E9-2AE964863419}.Debug|Any CPU.Build.0 = Debug|Any CPU
		{213DD9BE-D8FF-4938-A5E9-2AE964863419}.Debug|x64.ActiveCfg = Debug|Any CPU
		{213DD9BE-D8FF-4938-A5E9-2AE964863419}.Debug|x64.Build.0 = Debug|Any CPU
		{213DD9BE-D8FF-4938-A5E9-2AE964863419}.Debug|x86.ActiveCfg = Debug|Any CPU
		{213DD9BE-D8FF-4938-A5E9-2AE964863419}.Debug|x86.Build.0 = Debug|Any CPU
		{213DD9BE-D8FF-4938-A5E9-2AE964863419}.Release|Any CPU.ActiveCfg = Release|Any CPU
		{213DD9BE-D8FF-4938-A5E9-2AE964863419}.Release|Any CPU.Build.0 = Release|Any CPU
		{213DD9BE-D8FF-4938-A5E9-2AE964863419}.Release|x64.ActiveCfg = Release|Any CPU
		{213DD9BE-D8FF-4938-A5E9-2AE964863419}.Release|x64.Build.0 = Release|Any CPU
		{213DD9BE-D8FF-4938-A5E9-2AE964863419}.Release|x86.ActiveCfg = Release|Any CPU
		{213DD9BE-D8FF-4938-A5E9-2AE964863419}.Release|x86.Build.0 = Release|Any CPU
	EndGlobalSection
	GlobalSection(SolutionProperties) = preSolution
		HideSolutionNode = FALSE
	EndGlobalSection
	GlobalSection(NestedProjects) = preSolution
		{8B8FC60A-E9BD-427A-9386-F50701093AF7} = {827E0CD3-B72D-47B6-A68D-7590B98EB39B}
		{213DD9BE-D8FF-4938-A5E9-2AE964863419} = {827E0CD3-B72D-47B6-A68D-7590B98EB39B}
	EndGlobalSection
EndGlobal
