
Microsoft Visual Studio Solution File, Format Version 12.00
# Visual Studio Version 18
VisualStudioVersion = 18.0.11205.157 d18.0
MinimumVisualStudioVersion = 10.0.40219.1
Project("{FAE04EC0-301F-11D3-BF4B-00C04F79EFBC}") = "Hitch", "src\Hitch\Hitch.csproj", "{8B8FC60A-E9BD-427A-9386-F50701093AF7}"
EndProject
Project("{FAE04EC0-301F-11D3-BF4B-00C04F79EFBC}") = "Hitch.Tests", "src\Hitch.Tests\Hitch.Tests.csproj", "{213DD9BE-D8FF-4938-A5E9-2AE964863419}"
EndProject
Project("{FAE04EC0-301F-11D3-BF4B-00C04F79EFBC}") = "Hitch.Aspire.Hosting", "src\Hitch.Aspire.Hosting\Hitch.Aspire.Hosting.csproj", "{B70E59E1-5EA7-439E-AC2E-263170C8340C}"
EndProject
Project("{FAE04EC0-301F-11D3-BF4B-00C04F79EFBC}") = "Hitch.Aspire.Hosting.Tests", "src\Hitch.Aspire.Hosting.Tests\Hitch.Aspire.Hosting.Tests.csproj", "{16E18481-6600-4F57-8237-95B19B7156A8}"
EndProject
Project("{2150E333-8FDC-42A3-9474-1A3956D46DE8}") = "Hitch", "Hitch", "{583A544A-C7CE-4B7E-8107-2267FB4B18E3}"
EndProject
Project("{2150E333-8FDC-42A3-9474-1A3956D46DE8}") = "Samples", "Samples", "{2DB0614F-39B3-4E97-86CE-AE54FF1733A2}"
EndProject
Project("{FAE04EC0-301F-11D3-BF4B-00C04F79EFBC}") = "Samples.AppHost", "samples\Samples.AppHost\Samples.AppHost.csproj", "{6AC28F2D-C8E2-46D6-BC5F-205AD1C9AC2B}"
EndProject
Project("{FAE04EC0-301F-11D3-BF4B-00C04F79EFBC}") = "Samples.Aspire.Hosting.MyService", "samples\Samples.Aspire.Hosting.MyService\Samples.Aspire.Hosting.MyService.csproj", "{BB2F58B4-3041-45F2-8AD8-E94BF45451DD}"
EndProject
Project("{FAE04EC0-301F-11D3-BF4B-00C04F79EFBC}") = "Samples.ServiceDefaults", "samples\Samples.ServiceDefaults\Samples.ServiceDefaults.csproj", "{84C5A50F-1690-4E82-B293-F9E6A56B6138}"
EndProject
Project("{FAE04EC0-301F-11D3-BF4B-00C04F79EFBC}") = "Samples.MyService", "samples\Samples.MyService\Samples.MyService.csproj", "{3AA97518-57FA-4209-A947-DF3D5BBCAF6B}"
EndProject
Project("{FAE04EC0-301F-11D3-BF4B-00C04F79EFBC}") = "Samples.TestApi", "samples\Samples.TestApi\Samples.TestApi.csproj", "{451A2A2D-098B-6713-C8FB-9CA9F6A6E145}"
EndProject
Global
	GlobalSection(SolutionConfigurationPlatforms) = preSolution
		Debug|Any CPU = Debug|Any CPU
		Debug|x64 = Debug|x64
		Debug|x86 = Debug|x86
		Release|Any CPU = Release|Any CPU
		Release|x64 = Release|x64
		Release|x86 = Release|x86
	EndGlobalSection
	GlobalSection(ProjectConfigurationPlatforms) = postSolution
		{8B8FC60A-E9BD-427A-9386-F50701093AF7}.Debug|Any CPU.ActiveCfg = Debug|Any CPU
		{8B8FC60A-E9BD-427A-9386-F50701093AF7}.Debug|Any CPU.Build.0 = Debug|Any CPU
		{8B8FC60A-E9BD-427A-9386-F50701093AF7}.Debug|x64.ActiveCfg = Debug|Any CPU
		{8B8FC60A-E9BD-427A-9386-F50701093AF7}.Debug|x64.Build.0 = Debug|Any CPU
		{8B8FC60A-E9BD-427A-9386-F50701093AF7}.Debug|x86.ActiveCfg = Debug|Any CPU
		{8B8FC60A-E9BD-427A-9386-F50701093AF7}.Debug|x86.Build.0 = Debug|Any CPU
		{8B8FC60A-E9BD-427A-9386-F50701093AF7}.Release|Any CPU.ActiveCfg = Release|Any CPU
		{8B8FC60A-E9BD-427A-9386-F50701093AF7}.Release|Any CPU.Build.0 = Release|Any CPU
		{8B8FC60A-E9BD-427A-9386-F50701093AF7}.Release|x64.ActiveCfg = Release|Any CPU
		{8B8FC60A-E9BD-427A-9386-F50701093AF7}.Release|x64.Build.0 = Release|Any CPU
		{8B8FC60A-E9BD-427A-9386-F50701093AF7}.Release|x86.ActiveCfg = Release|Any CPU
		{8B8FC60A-E9BD-427A-9386-F50701093AF7}.Release|x86.Build.0 = Release|Any CPU
		{213DD9BE-D8FF-4938-A5E9-2AE964863419}.Debug|Any CPU.ActiveCfg = Debug|Any CPU
		{213DD9BE-D8FF-4938-A5E9-2AE964863419}.Debug|Any CPU.Build.0 = Debug|Any CPU
		{213DD9BE-D8FF-4938-A5E9-2AE964863419}.Debug|x64.ActiveCfg = Debug|Any CPU
		{213DD9BE-D8FF-4938-A5E9-2AE964863419}.Debug|x64.Build.0 = Debug|Any CPU
		{213DD9BE-D8FF-4938-A5E9-2AE964863419}.Debug|x86.ActiveCfg = Debug|Any CPU
		{213DD9BE-D8FF-4938-A5E9-2AE964863419}.Debug|x86.Build.0 = Debug|Any CPU
		{213DD9BE-D8FF-4938-A5E9-2AE964863419}.Release|Any CPU.ActiveCfg = Release|Any CPU
		{213DD9BE-D8FF-4938-A5E9-2AE964863419}.Release|Any CPU.Build.0 = Release|Any CPU
		{213DD9BE-D8FF-4938-A5E9-2AE964863419}.Release|x64.ActiveCfg = Release|Any CPU
		{213DD9BE-D8FF-4938-A5E9-2AE964863419}.Release|x64.Build.0 = Release|Any CPU
		{213DD9BE-D8FF-4938-A5E9-2AE964863419}.Release|x86.ActiveCfg = Release|Any CPU
		{213DD9BE-D8FF-4938-A5E9-2AE964863419}.Release|x86.Build.0 = Release|Any CPU
		{B70E59E1-5EA7-439E-AC2E-263170C8340C}.Debug|Any CPU.ActiveCfg = Debug|Any CPU
		{B70E59E1-5EA7-439E-AC2E-263170C8340C}.Debug|Any CPU.Build.0 = Debug|Any CPU
		{B70E59E1-5EA7-439E-AC2E-263170C8340C}.Debug|x64.ActiveCfg = Debug|Any CPU
		{B70E59E1-5EA7-439E-AC2E-263170C8340C}.Debug|x64.Build.0 = Debug|Any CPU
		{B70E59E1-5EA7-439E-AC2E-263170C8340C}.Debug|x86.ActiveCfg = Debug|Any CPU
		{B70E59E1-5EA7-439E-AC2E-263170C8340C}.Debug|x86.Build.0 = Debug|Any CPU
		{B70E59E1-5EA7-439E-AC2E-263170C8340C}.Release|Any CPU.ActiveCfg = Release|Any CPU
		{B70E59E1-5EA7-439E-AC2E-263170C8340C}.Release|Any CPU.Build.0 = Release|Any CPU
		{B70E59E1-5EA7-439E-AC2E-263170C8340C}.Release|x64.ActiveCfg = Release|Any CPU
		{B70E59E1-5EA7-439E-AC2E-263170C8340C}.Release|x64.Build.0 = Release|Any CPU
		{B70E59E1-5EA7-439E-AC2E-263170C8340C}.Release|x86.ActiveCfg = Release|Any CPU
		{B70E59E1-5EA7-439E-AC2E-263170C8340C}.Release|x86.Build.0 = Release|Any CPU
		{16E18481-6600-4F57-8237-95B19B7156A8}.Debug|Any CPU.ActiveCfg = Debug|Any CPU
		{16E18481-6600-4F57-8237-95B19B7156A8}.Debug|Any CPU.Build.0 = Debug|Any CPU
		{16E18481-6600-4F57-8237-95B19B7156A8}.Debug|x64.ActiveCfg = Debug|Any CPU
		{16E18481-6600-4F57-8237-95B19B7156A8}.Debug|x64.Build.0 = Debug|Any CPU
		{16E18481-6600-4F57-8237-95B19B7156A8}.Debug|x86.ActiveCfg = Debug|Any CPU
		{16E18481-6600-4F57-8237-95B19B7156A8}.Debug|x86.Build.0 = Debug|Any CPU
		{16E18481-6600-4F57-8237-95B19B7156A8}.Release|Any CPU.ActiveCfg = Release|Any CPU
		{16E18481-6600-4F57-8237-95B19B7156A8}.Release|Any CPU.Build.0 = Release|Any CPU
		{16E18481-6600-4F57-8237-95B19B7156A8}.Release|x64.ActiveCfg = Release|Any CPU
		{16E18481-6600-4F57-8237-95B19B7156A8}.Release|x64.Build.0 = Release|Any CPU
		{16E18481-6600-4F57-8237-95B19B7156A8}.Release|x86.ActiveCfg = Release|Any CPU
		{16E18481-6600-4F57-8237-95B19B7156A8}.Release|x86.Build.0 = Release|Any CPU
		{6AC28F2D-C8E2-46D6-BC5F-205AD1C9AC2B}.Debug|Any CPU.ActiveCfg = Debug|Any CPU
		{6AC28F2D-C8E2-46D6-BC5F-205AD1C9AC2B}.Debug|Any CPU.Build.0 = Debug|Any CPU
		{6AC28F2D-C8E2-46D6-BC5F-205AD1C9AC2B}.Debug|x64.ActiveCfg = Debug|Any CPU
		{6AC28F2D-C8E2-46D6-BC5F-205AD1C9AC2B}.Debug|x64.Build.0 = Debug|Any CPU
		{6AC28F2D-C8E2-46D6-BC5F-205AD1C9AC2B}.Debug|x86.ActiveCfg = Debug|Any CPU
		{6AC28F2D-C8E2-46D6-BC5F-205AD1C9AC2B}.Debug|x86.Build.0 = Debug|Any CPU
		{6AC28F2D-C8E2-46D6-BC5F-205AD1C9AC2B}.Release|Any CPU.ActiveCfg = Release|Any CPU
		{6AC28F2D-C8E2-46D6-BC5F-205AD1C9AC2B}.Release|Any CPU.Build.0 = Release|Any CPU
		{6AC28F2D-C8E2-46D6-BC5F-205AD1C9AC2B}.Release|x64.ActiveCfg = Release|Any CPU
		{6AC28F2D-C8E2-46D6-BC5F-205AD1C9AC2B}.Release|x64.Build.0 = Release|Any CPU
		{6AC28F2D-C8E2-46D6-BC5F-205AD1C9AC2B}.Release|x86.ActiveCfg = Release|Any CPU
		{6AC28F2D-C8E2-46D6-BC5F-205AD1C9AC2B}.Release|x86.Build.0 = Release|Any CPU
		{BB2F58B4-3041-45F2-8AD8-E94BF45451DD}.Debug|Any CPU.ActiveCfg = Debug|Any CPU
		{BB2F58B4-3041-45F2-8AD8-E94BF45451DD}.Debug|Any CPU.Build.0 = Debug|Any CPU
		{BB2F58B4-3041-45F2-8AD8-E94BF45451DD}.Debug|x64.ActiveCfg = Debug|Any CPU
		{BB2F58B4-3041-45F2-8AD8-E94BF45451DD}.Debug|x64.Build.0 = Debug|Any CPU
		{BB2F58B4-3041-45F2-8AD8-E94BF45451DD}.Debug|x86.ActiveCfg = Debug|Any CPU
		{BB2F58B4-3041-45F2-8AD8-E94BF45451DD}.Debug|x86.Build.0 = Debug|Any CPU
		{BB2F58B4-3041-45F2-8AD8-E94BF45451DD}.Release|Any CPU.ActiveCfg = Release|Any CPU
		{BB2F58B4-3041-45F2-8AD8-E94BF45451DD}.Release|Any CPU.Build.0 = Release|Any CPU
		{BB2F58B4-3041-45F2-8AD8-E94BF45451DD}.Release|x64.ActiveCfg = Release|Any CPU
		{BB2F58B4-3041-45F2-8AD8-E94BF45451DD}.Release|x64.Build.0 = Release|Any CPU
		{BB2F58B4-3041-45F2-8AD8-E94BF45451DD}.Release|x86.ActiveCfg = Release|Any CPU
		{BB2F58B4-3041-45F2-8AD8-E94BF45451DD}.Release|x86.Build.0 = Release|Any CPU
		{84C5A50F-1690-4E82-B293-F9E6A56B6138}.Debug|Any CPU.ActiveCfg = Debug|Any CPU
		{84C5A50F-1690-4E82-B293-F9E6A56B6138}.Debug|Any CPU.Build.0 = Debug|Any CPU
		{84C5A50F-1690-4E82-B293-F9E6A56B6138}.Debug|x64.ActiveCfg = Debug|Any CPU
		{84C5A50F-1690-4E82-B293-F9E6A56B6138}.Debug|x64.Build.0 = Debug|Any CPU
		{84C5A50F-1690-4E82-B293-F9E6A56B6138}.Debug|x86.ActiveCfg = Debug|Any CPU
		{84C5A50F-1690-4E82-B293-F9E6A56B6138}.Debug|x86.Build.0 = Debug|Any CPU
		{84C5A50F-1690-4E82-B293-F9E6A56B6138}.Release|Any CPU.ActiveCfg = Release|Any CPU
		{84C5A50F-1690-4E82-B293-F9E6A56B6138}.Release|Any CPU.Build.0 = Release|Any CPU
		{84C5A50F-1690-4E82-B293-F9E6A56B6138}.Release|x64.ActiveCfg = Release|Any CPU
		{84C5A50F-1690-4E82-B293-F9E6A56B6138}.Release|x64.Build.0 = Release|Any CPU
		{84C5A50F-1690-4E82-B293-F9E6A56B6138}.Release|x86.ActiveCfg = Release|Any CPU
		{84C5A50F-1690-4E82-B293-F9E6A56B6138}.Release|x86.Build.0 = Release|Any CPU
		{3AA97518-57FA-4209-A947-DF3D5BBCAF6B}.Debug|Any CPU.ActiveCfg = Debug|Any CPU
		{3AA97518-57FA-4209-A947-DF3D5BBCAF6B}.Debug|Any CPU.Build.0 = Debug|Any CPU
		{3AA97518-57FA-4209-A947-DF3D5BBCAF6B}.Debug|x64.ActiveCfg = Debug|Any CPU
		{3AA97518-57FA-4209-A947-DF3D5BBCAF6B}.Debug|x64.Build.0 = Debug|Any CPU
		{3AA97518-57FA-4209-A947-DF3D5BBCAF6B}.Debug|x86.ActiveCfg = Debug|Any CPU
		{3AA97518-57FA-4209-A947-DF3D5BBCAF6B}.Debug|x86.Build.0 = Debug|Any CPU
		{3AA97518-57FA-4209-A947-DF3D5BBCAF6B}.Release|Any CPU.ActiveCfg = Release|Any CPU
		{3AA97518-57FA-4209-A947-DF3D5BBCAF6B}.Release|Any CPU.Build.0 = Release|Any CPU
		{3AA97518-57FA-4209-A947-DF3D5BBCAF6B}.Release|x64.ActiveCfg = Release|Any CPU
		{3AA97518-57FA-4209-A947-DF3D5BBCAF6B}.Release|x64.Build.0 = Release|Any CPU
		{3AA97518-57FA-4209-A947-DF3D5BBCAF6B}.Release|x86.ActiveCfg = Release|Any CPU
		{3AA97518-57FA-4209-A947-DF3D5BBCAF6B}.Release|x86.Build.0 = Release|Any CPU
		{451A2A2D-098B-6713-C8FB-9CA9F6A6E145}.Debug|Any CPU.ActiveCfg = Debug|Any CPU
		{451A2A2D-098B-6713-C8FB-9CA9F6A6E145}.Debug|Any CPU.Build.0 = Debug|Any CPU
		{451A2A2D-098B-6713-C8FB-9CA9F6A6E145}.Debug|x64.ActiveCfg = Debug|Any CPU
		{451A2A2D-098B-6713-C8FB-9CA9F6A6E145}.Debug|x64.Build.0 = Debug|Any CPU
		{451A2A2D-098B-6713-C8FB-9CA9F6A6E145}.Debug|x86.ActiveCfg = Debug|Any CPU
		{451A2A2D-098B-6713-C8FB-9CA9F6A6E145}.Debug|x86.Build.0 = Debug|Any CPU
		{451A2A2D-098B-6713-C8FB-9CA9F6A6E145}.Release|Any CPU.ActiveCfg = Release|Any CPU
		{451A2A2D-098B-6713-C8FB-9CA9F6A6E145}.Release|Any CPU.Build.0 = Release|Any CPU
		{451A2A2D-098B-6713-C8FB-9CA9F6A6E145}.Release|x64.ActiveCfg = Release|Any CPU
		{451A2A2D-098B-6713-C8FB-9CA9F6A6E145}.Release|x64.Build.0 = Release|Any CPU
		{451A2A2D-098B-6713-C8FB-9CA9F6A6E145}.Release|x86.ActiveCfg = Release|Any CPU
		{451A2A2D-098B-6713-C8FB-9CA9F6A6E145}.Release|x86.Build.0 = Release|Any CPU
	EndGlobalSection
	GlobalSection(SolutionProperties) = preSolution
		HideSolutionNode = FALSE
	EndGlobalSection
	GlobalSection(NestedProjects) = preSolution
		{8B8FC60A-E9BD-427A-9386-F50701093AF7} = {583A544A-C7CE-4B7E-8107-2267FB4B18E3}
		{213DD9BE-D8FF-4938-A5E9-2AE964863419} = {583A544A-C7CE-4B7E-8107-2267FB4B18E3}
		{B70E59E1-5EA7-439E-AC2E-263170C8340C} = {583A544A-C7CE-4B7E-8107-2267FB4B18E3}
		{16E18481-6600-4F57-8237-95B19B7156A8} = {583A544A-C7CE-4B7E-8107-2267FB4B18E3}
		{6AC28F2D-C8E2-46D6-BC5F-205AD1C9AC2B} = {2DB0614F-39B3-4E97-86CE-AE54FF1733A2}
		{BB2F58B4-3041-45F2-8AD8-E94BF45451DD} = {2DB0614F-39B3-4E97-86CE-AE54FF1733A2}
		{84C5A50F-1690-4E82-B293-F9E6A56B6138} = {2DB0614F-39B3-4E97-86CE-AE54FF1733A2}
		{3AA97518-57FA-4209-A947-DF3D5BBCAF6B} = {2DB0614F-39B3-4E97-86CE-AE54FF1733A2}
		{451A2A2D-098B-6713-C8FB-9CA9F6A6E145} = {2DB0614F-39B3-4E97-86CE-AE54FF1733A2}
	EndGlobalSection
	GlobalSection(ExtensibilityGlobals) = postSolution
		SolutionGuid = {75CF0E4C-C1A5-43C3-BAEB-1820AADD317F}
	EndGlobalSection
EndGlobal
